// !$*UTF8*$!
{
	archiveVersion = 1;
	classes = {
	};
	objectVersion = 56;
	objects = {

/* Begin PBXBuildFile section */
		BF96857B2981231100C564AD /* AppDelegate.swift in Sources */ = {isa = PBXBuildFile; fileRef = BF96857A2981231100C564AD /* AppDelegate.swift */; };
		BF96857D2981231100C564AD /* SceneDelegate.swift in Sources */ = {isa = PBXBuildFile; fileRef = BF96857C2981231100C564AD /* SceneDelegate.swift */; };
		BF96857F2981231100C564AD /* ViewController.swift in Sources */ = {isa = PBXBuildFile; fileRef = BF96857E2981231100C564AD /* ViewController.swift */; };
		BF9685822981231100C564AD /* Main.storyboard in Resources */ = {isa = PBXBuildFile; fileRef = BF9685802981231100C564AD /* Main.storyboard */; };
		BF9685842981231300C564AD /* Assets.xcassets in Resources */ = {isa = PBXBuildFile; fileRef = BF9685832981231300C564AD /* Assets.xcassets */; };
		BF9685872981231300C564AD /* LaunchScreen.storyboard in Resources */ = {isa = PBXBuildFile; fileRef = BF9685852981231300C564AD /* LaunchScreen.storyboard */; };
		BF9685922981231400C564AD /* MVVM_C_Take3Tests.swift in Sources */ = {isa = PBXBuildFile; fileRef = BF9685912981231400C564AD /* MVVM_C_Take3Tests.swift */; };
		BF96859C2981231400C564AD /* MVVM_C_Take3UITests.swift in Sources */ = {isa = PBXBuildFile; fileRef = BF96859B2981231400C564AD /* MVVM_C_Take3UITests.swift */; };
		BF96859E2981231400C564AD /* MVVM_C_Take3UITestsLaunchTests.swift in Sources */ = {isa = PBXBuildFile; fileRef = BF96859D2981231400C564AD /* MVVM_C_Take3UITestsLaunchTests.swift */; };
/* End PBXBuildFile section */

/* Begin PBXContainerItemProxy section */
		BF96858E2981231400C564AD /* PBXContainerItemProxy */ = {
			isa = PBXContainerItemProxy;
			containerPortal = BF96856F2981231100C564AD /* Project object */;
			proxyType = 1;
			remoteGlobalIDString = BF9685762981231100C564AD;
			remoteInfo = "MVVM-C-Take3";
		};
		BF9685982981231400C564AD /* PBXContainerItemProxy */ = {
			isa = PBXContainerItemProxy;
			containerPortal = BF96856F2981231100C564AD /* Project object */;
			proxyType = 1;
			remoteGlobalIDString = BF9685762981231100C564AD;
			remoteInfo = "MVVM-C-Take3";
		};
/* End PBXContainerItemProxy section */

/* Begin PBXFileReference section */
		BF9685772981231100C564AD /* MVVM-C-Take3.app */ = {isa = PBXFileReference; explicitFileType = wrapper.application; includeInIndex = 0; path = "MVVM-C-Take3.app"; sourceTree = BUILT_PRODUCTS_DIR; };
		BF96857A2981231100C564AD /* AppDelegate.swift */ = {isa = PBXFileReference; lastKnownFileType = sourcecode.swift; path = AppDelegate.swift; sourceTree = "<group>"; };
		BF96857C2981231100C564AD /* SceneDelegate.swift */ = {isa = PBXFileReference; lastKnownFileType = sourcecode.swift; path = SceneDelegate.swift; sourceTree = "<group>"; };
		BF96857E2981231100C564AD /* ViewController.swift */ = {isa = PBXFileReference; lastKnownFileType = sourcecode.swift; path = ViewController.swift; sourceTree = "<group>"; };
		BF9685812981231100C564AD /* Base */ = {isa = PBXFileReference; lastKnownFileType = file.storyboard; name = Base; path = Base.lproj/Main.storyboard; sourceTree = "<group>"; };
		BF9685832981231300C564AD /* Assets.xcassets */ = {isa = PBXFileReference; lastKnownFileType = folder.assetcatalog; path = Assets.xcassets; sourceTree = "<group>"; };
		BF9685862981231300C564AD /* Base */ = {isa = PBXFileReference; lastKnownFileType = file.storyboard; name = Base; path = Base.lproj/LaunchScreen.storyboard; sourceTree = "<group>"; };
		BF9685882981231300C564AD /* Info.plist */ = {isa = PBXFileReference; lastKnownFileType = text.plist.xml; path = Info.plist; sourceTree = "<group>"; };
		BF96858D2981231400C564AD /* MVVM-C-Take3Tests.xctest */ = {isa = PBXFileReference; explicitFileType = wrapper.cfbundle; includeInIndex = 0; path = "MVVM-C-Take3Tests.xctest"; sourceTree = BUILT_PRODUCTS_DIR; };
		BF9685912981231400C564AD /* MVVM_C_Take3Tests.swift */ = {isa = PBXFileReference; lastKnownFileType = sourcecode.swift; path = MVVM_C_Take3Tests.swift; sourceTree = "<group>"; };
		BF9685972981231400C564AD /* MVVM-C-Take3UITests.xctest */ = {isa = PBXFileReference; explicitFileType = wrapper.cfbundle; includeInIndex = 0; path = "MVVM-C-Take3UITests.xctest"; sourceTree = BUILT_PRODUCTS_DIR; };
		BF96859B2981231400C564AD /* MVVM_C_Take3UITests.swift */ = {isa = PBXFileReference; lastKnownFileType = sourcecode.swift; path = MVVM_C_Take3UITests.swift; sourceTree = "<group>"; };
		BF96859D2981231400C564AD /* MVVM_C_Take3UITestsLaunchTests.swift */ = {isa = PBXFileReference; lastKnownFileType = sourcecode.swift; path = MVVM_C_Take3UITestsLaunchTests.swift; sourceTree = "<group>"; };
/* End PBXFileReference section */

/* Begin PBXFrameworksBuildPhase section */
		BF9685742981231100C564AD /* Frameworks */ = {
			isa = PBXFrameworksBuildPhase;
			buildActionMask = 2147483647;
			files = (
			);
			runOnlyForDeploymentPostprocessing = 0;
		};
		BF96858A2981231400C564AD /* Frameworks */ = {
			isa = PBXFrameworksBuildPhase;
			buildActionMask = 2147483647;
			files = (
			);
			runOnlyForDeploymentPostprocessing = 0;
		};
		BF9685942981231400C564AD /* Frameworks */ = {
			isa = PBXFrameworksBuildPhase;
			buildActionMask = 2147483647;
			files = (
			);
			runOnlyForDeploymentPostprocessing = 0;
		};
/* End PBXFrameworksBuildPhase section */

/* Begin PBXGroup section */
		BF96856E2981231100C564AD = {
			isa = PBXGroup;
			children = (
				BF9685792981231100C564AD /* MVVM-C-Take3 */,
				BF9685902981231400C564AD /* MVVM-C-Take3Tests */,
				BF96859A2981231400C564AD /* MVVM-C-Take3UITests */,
				BF9685782981231100C564AD /* Products */,
			);
			sourceTree = "<group>";
		};
		BF9685782981231100C564AD /* Products */ = {
			isa = PBXGroup;
			children = (
				BF9685772981231100C564AD /* MVVM-C-Take3.app */,
				BF96858D2981231400C564AD /* MVVM-C-Take3Tests.xctest */,
				BF9685972981231400C564AD /* MVVM-C-Take3UITests.xctest */,
			);
			name = Products;
			sourceTree = "<group>";
		};
		BF9685792981231100C564AD /* MVVM-C-Take3 */ = {
			isa = PBXGroup;
			children = (
				BF96857A2981231100C564AD /* AppDelegate.swift */,
				BF96857C2981231100C564AD /* SceneDelegate.swift */,
				BF96857E2981231100C564AD /* ViewController.swift */,
				BF9685802981231100C564AD /* Main.storyboard */,
				BF9685832981231300C564AD /* Assets.xcassets */,
				BF9685852981231300C564AD /* LaunchScreen.storyboard */,
				BF9685882981231300C564AD /* Info.plist */,
			);
			path = "MVVM-C-Take3";
			sourceTree = "<group>";
		};
		BF9685902981231400C564AD /* MVVM-C-Take3Tests */ = {
			isa = PBXGroup;
			children = (
				BF9685912981231400C564AD /* MVVM_C_Take3Tests.swift */,
			);
			path = "MVVM-C-Take3Tests";
			sourceTree = "<group>";
		};
		BF96859A2981231400C564AD /* MVVM-C-Take3UITests */ = {
			isa = PBXGroup;
			children = (
				BF96859B2981231400C564AD /* MVVM_C_Take3UITests.swift */,
				BF96859D2981231400C564AD /* MVVM_C_Take3UITestsLaunchTests.swift */,
			);
			path = "MVVM-C-Take3UITests";
			sourceTree = "<group>";
		};
/* End PBXGroup section */

/* Begin PBXNativeTarget section */
		BF9685762981231100C564AD /* MVVM-C-Take3 */ = {
			isa = PBXNativeTarget;
			buildConfigurationList = BF9685A12981231400C564AD /* Build configuration list for PBXNativeTarget "MVVM-C-Take3" */;
			buildPhases = (
				BF9685732981231100C564AD /* Sources */,
				BF9685742981231100C564AD /* Frameworks */,
				BF9685752981231100C564AD /* Resources */,
			);
			buildRules = (
			);
			dependencies = (
			);
			name = "MVVM-C-Take3";
			productName = "MVVM-C-Take3";
			productReference = BF9685772981231100C564AD /* MVVM-C-Take3.app */;
			productType = "com.apple.product-type.application";
		};
		BF96858C2981231400C564AD /* MVVM-C-Take3Tests */ = {
			isa = PBXNativeTarget;
			buildConfigurationList = BF9685A42981231400C564AD /* Build configuration list for PBXNativeTarget "MVVM-C-Take3Tests" */;
			buildPhases = (
				BF9685892981231400C564AD /* Sources */,
				BF96858A2981231400C564AD /* Frameworks */,
				BF96858B2981231400C564AD /* Resources */,
			);
			buildRules = (
			);
			dependencies = (
				BF96858F2981231400C564AD /* PBXTargetDependency */,
			);
			name = "MVVM-C-Take3Tests";
			productName = "MVVM-C-Take3Tests";
			productReference = BF96858D2981231400C564AD /* MVVM-C-Take3Tests.xctest */;
			productType = "com.apple.product-type.bundle.unit-test";
		};
		BF9685962981231400C564AD /* MVVM-C-Take3UITests */ = {
			isa = PBXNativeTarget;
			buildConfigurationList = BF9685A72981231400C564AD /* Build configuration list for PBXNativeTarget "MVVM-C-Take3UITests" */;
			buildPhases = (
				BF9685932981231400C564AD /* Sources */,
				BF9685942981231400C564AD /* Frameworks */,
				BF9685952981231400C564AD /* Resources */,
			);
			buildRules = (
			);
			dependencies = (
				BF9685992981231400C564AD /* PBXTargetDependency */,
			);
			name = "MVVM-C-Take3UITests";
			productName = "MVVM-C-Take3UITests";
			productReference = BF9685972981231400C564AD /* MVVM-C-Take3UITests.xctest */;
			productType = "com.apple.product-type.bundle.ui-testing";
		};
/* End PBXNativeTarget section */

/* Begin PBXProject section */
		BF96856F2981231100C564AD /* Project object */ = {
			isa = PBXProject;
			attributes = {
				BuildIndependentTargetsInParallel = 1;
				LastSwiftUpdateCheck = 1420;
				LastUpgradeCheck = 1420;
				TargetAttributes = {
					BF9685762981231100C564AD = {
						CreatedOnToolsVersion = 14.2;
					};
					BF96858C2981231400C564AD = {
						CreatedOnToolsVersion = 14.2;
						TestTargetID = BF9685762981231100C564AD;
					};
					BF9685962981231400C564AD = {
						CreatedOnToolsVersion = 14.2;
						TestTargetID = BF9685762981231100C564AD;
					};
				};
			};
			buildConfigurationList = BF9685722981231100C564AD /* Build configuration list for PBXProject "MVVM-C-Take3" */;
			compatibilityVersion = "Xcode 14.0";
			developmentRegion = en;
			hasScannedForEncodings = 0;
			knownRegions = (
				en,
				Base,
			);
			mainGroup = BF96856E2981231100C564AD;
			productRefGroup = BF9685782981231100C564AD /* Products */;
			projectDirPath = "";
			projectRoot = "";
			targets = (
				BF9685762981231100C564AD /* MVVM-C-Take3 */,
				BF96858C2981231400C564AD /* MVVM-C-Take3Tests */,
				BF9685962981231400C564AD /* MVVM-C-Take3UITests */,
			);
		};
/* End PBXProject section */

/* Begin PBXResourcesBuildPhase section */
		BF9685752981231100C564AD /* Resources */ = {
			isa = PBXResourcesBuildPhase;
			buildActionMask = 2147483647;
			files = (
				BF9685872981231300C564AD /* LaunchScreen.storyboard in Resources */,
				BF9685842981231300C564AD /* Assets.xcassets in Resources */,
				BF9685822981231100C564AD /* Main.storyboard in Resources */,
			);
			runOnlyForDeploymentPostprocessing = 0;
		};
		BF96858B2981231400C564AD /* Resources */ = {
			isa = PBXResourcesBuildPhase;
			buildActionMask = 2147483647;
			files = (
			);
			runOnlyForDeploymentPostprocessing = 0;
		};
		BF9685952981231400C564AD /* Resources */ = {
			isa = PBXResourcesBuildPhase;
			buildActionMask = 2147483647;
			files = (
			);
			runOnlyForDeploymentPostprocessing = 0;
		};
/* End PBXResourcesBuildPhase section */

/* Begin PBXSourcesBuildPhase section */
		BF9685732981231100C564AD /* Sources */ = {
			isa = PBXSourcesBuildPhase;
			buildActionMask = 2147483647;
			files = (
				BF96857F2981231100C564AD /* ViewController.swift in Sources */,
				BF96857B2981231100C564AD /* AppDelegate.swift in Sources */,
				BF96857D2981231100C564AD /* SceneDelegate.swift in Sources */,
			);
			runOnlyForDeploymentPostprocessing = 0;
		};
		BF9685892981231400C564AD /* Sources */ = {
			isa = PBXSourcesBuildPhase;
			buildActionMask = 2147483647;
			files = (
				BF9685922981231400C564AD /* MVVM_C_Take3Tests.swift in Sources */,
			);
			runOnlyForDeploymentPostprocessing = 0;
		};
		BF9685932981231400C564AD /* Sources */ = {
			isa = PBXSourcesBuildPhase;
			buildActionMask = 2147483647;
			files = (
				BF96859C2981231400C564AD /* MVVM_C_Take3UITests.swift in Sources */,
				BF96859E2981231400C564AD /* MVVM_C_Take3UITestsLaunchTests.swift in Sources */,
			);
			runOnlyForDeploymentPostprocessing = 0;
		};
/* End PBXSourcesBuildPhase section */

/* Begin PBXTargetDependency section */
		BF96858F2981231400C564AD /* PBXTargetDependency */ = {
			isa = PBXTargetDependency;
			target = BF9685762981231100C564AD /* MVVM-C-Take3 */;
			targetProxy = BF96858E2981231400C564AD /* PBXContainerItemProxy */;
		};
		BF9685992981231400C564AD /* PBXTargetDependency */ = {
			isa = PBXTargetDependency;
			target = BF9685762981231100C564AD /* MVVM-C-Take3 */;
			targetProxy = BF9685982981231400C564AD /* PBXContainerItemProxy */;
		};
/* End PBXTargetDependency section */

/* Begin PBXVariantGroup section */
		BF9685802981231100C564AD /* Main.storyboard */ = {
			isa = PBXVariantGroup;
			children = (
				BF9685812981231100C564AD /* Base */,
			);
			name = Main.storyboard;
			sourceTree = "<group>";
		};
		BF9685852981231300C564AD /* LaunchScreen.storyboard */ = {
			isa = PBXVariantGroup;
			children = (
				BF9685862981231300C564AD /* Base */,
			);
			name = LaunchScreen.storyboard;
			sourceTree = "<group>";
		};
/* End PBXVariantGroup section */

/* Begin XCBuildConfiguration section */
		BF96859F2981231400C564AD /* Debug */ = {
			isa = XCBuildConfiguration;
			buildSettings = {
				ALWAYS_SEARCH_USER_PATHS = NO;
				CLANG_ANALYZER_NONNULL = YES;
				CLANG_ANALYZER_NUMBER_OBJECT_CONVERSION = YES_AGGRESSIVE;
				CLANG_CXX_LANGUAGE_STANDARD = "gnu++20";
				CLANG_ENABLE_MODULES = YES;
				CLANG_ENABLE_OBJC_ARC = YES;
				CLANG_ENABLE_OBJC_WEAK = YES;
				CLANG_WARN_BLOCK_CAPTURE_AUTORELEASING = YES;
				CLANG_WARN_BOOL_CONVERSION = YES;
				CLANG_WARN_COMMA = YES;
				CLANG_WARN_CONSTANT_CONVERSION = YES;
				CLANG_WARN_DEPRECATED_OBJC_IMPLEMENTATIONS = YES;
				CLANG_WARN_DIRECT_OBJC_ISA_USAGE = YES_ERROR;
				CLANG_WARN_DOCUMENTATION_COMMENTS = YES;
				CLANG_WARN_EMPTY_BODY = YES;
				CLANG_WARN_ENUM_CONVERSION = YES;
				CLANG_WARN_INFINITE_RECURSION = YES;
				CLANG_WARN_INT_CONVERSION = YES;
				CLANG_WARN_NON_LITERAL_NULL_CONVERSION = YES;
				CLANG_WARN_OBJC_IMPLICIT_RETAIN_SELF = YES;
				CLANG_WARN_OBJC_LITERAL_CONVERSION = YES;
				CLANG_WARN_OBJC_ROOT_CLASS = YES_ERROR;
				CLANG_WARN_QUOTED_INCLUDE_IN_FRAMEWORK_HEADER = YES;
				CLANG_WARN_RANGE_LOOP_ANALYSIS = YES;
				CLANG_WARN_STRICT_PROTOTYPES = YES;
				CLANG_WARN_SUSPICIOUS_MOVE = YES;
				CLANG_WARN_UNGUARDED_AVAILABILITY = YES_AGGRESSIVE;
				CLANG_WARN_UNREACHABLE_CODE = YES;
				CLANG_WARN__DUPLICATE_METHOD_MATCH = YES;
				COPY_PHASE_STRIP = NO;
				DEBUG_INFORMATION_FORMAT = dwarf;
				ENABLE_STRICT_OBJC_MSGSEND = YES;
				ENABLE_TESTABILITY = YES;
				GCC_C_LANGUAGE_STANDARD = gnu11;
				GCC_DYNAMIC_NO_PIC = NO;
				GCC_NO_COMMON_BLOCKS = YES;
				GCC_OPTIMIZATION_LEVEL = 0;
				GCC_PREPROCESSOR_DEFINITIONS = (
					"DEBUG=1",
					"$(inherited)",
				);
				GCC_WARN_64_TO_32_BIT_CONVERSION = YES;
				GCC_WARN_ABOUT_RETURN_TYPE = YES_ERROR;
				GCC_WARN_UNDECLARED_SELECTOR = YES;
				GCC_WARN_UNINITIALIZED_AUTOS = YES_AGGRESSIVE;
				GCC_WARN_UNUSED_FUNCTION = YES;
				GCC_WARN_UNUSED_VARIABLE = YES;
				IPHONEOS_DEPLOYMENT_TARGET = 16.2;
				MTL_ENABLE_DEBUG_INFO = INCLUDE_SOURCE;
				MTL_FAST_MATH = YES;
				ONLY_ACTIVE_ARCH = YES;
				SDKROOT = iphoneos;
				SWIFT_ACTIVE_COMPILATION_CONDITIONS = DEBUG;
				SWIFT_OPTIMIZATION_LEVEL = "-Onone";
			};
			name = Debug;
		};
		BF9685A02981231400C564AD /* Release */ = {
			isa = XCBuildConfiguration;
			buildSettings = {
				ALWAYS_SEARCH_USER_PATHS = NO;
				CLANG_ANALYZER_NONNULL = YES;
				CLANG_ANALYZER_NUMBER_OBJECT_CONVERSION = YES_AGGRESSIVE;
				CLANG_CXX_LANGUAGE_STANDARD = "gnu++20";
				CLANG_ENABLE_MODULES = YES;
				CLANG_ENABLE_OBJC_ARC = YES;
				CLANG_ENABLE_OBJC_WEAK = YES;
				CLANG_WARN_BLOCK_CAPTURE_AUTORELEASING = YES;
				CLANG_WARN_BOOL_CONVERSION = YES;
				CLANG_WARN_COMMA = YES;
				CLANG_WARN_CONSTANT_CONVERSION = YES;
				CLANG_WARN_DEPRECATED_OBJC_IMPLEMENTATIONS = YES;
				CLANG_WARN_DIRECT_OBJC_ISA_USAGE = YES_ERROR;
				CLANG_WARN_DOCUMENTATION_COMMENTS = YES;
				CLANG_WARN_EMPTY_BODY = YES;
				CLANG_WARN_ENUM_CONVERSION = YES;
				CLANG_WARN_INFINITE_RECURSION = YES;
				CLANG_WARN_INT_CONVERSION = YES;
				CLANG_WARN_NON_LITERAL_NULL_CONVERSION = YES;
				CLANG_WARN_OBJC_IMPLICIT_RETAIN_SELF = YES;
				CLANG_WARN_OBJC_LITERAL_CONVERSION = YES;
				CLANG_WARN_OBJC_ROOT_CLASS = YES_ERROR;
				CLANG_WARN_QUOTED_INCLUDE_IN_FRAMEWORK_HEADER = YES;
				CLANG_WARN_RANGE_LOOP_ANALYSIS = YES;
				CLANG_WARN_STRICT_PROTOTYPES = YES;
				CLANG_WARN_SUSPICIOUS_MOVE = YES;
				CLANG_WARN_UNGUARDED_AVAILABILITY = YES_AGGRESSIVE;
				CLANG_WARN_UNREACHABLE_CODE = YES;
				CLANG_WARN__DUPLICATE_METHOD_MATCH = YES;
				COPY_PHASE_STRIP = NO;
				DEBUG_INFORMATION_FORMAT = "dwarf-with-dsym";
				ENABLE_NS_ASSERTIONS = NO;
				ENABLE_STRICT_OBJC_MSGSEND = YES;
				GCC_C_LANGUAGE_STANDARD = gnu11;
				GCC_NO_COMMON_BLOCKS = YES;
				GCC_WARN_64_TO_32_BIT_CONVERSION = YES;
				GCC_WARN_ABOUT_RETURN_TYPE = YES_ERROR;
				GCC_WARN_UNDECLARED_SELECTOR = YES;
				GCC_WARN_UNINITIALIZED_AUTOS = YES_AGGRESSIVE;
				GCC_WARN_UNUSED_FUNCTION = YES;
				GCC_WARN_UNUSED_VARIABLE = YES;
				IPHONEOS_DEPLOYMENT_TARGET = 16.2;
				MTL_ENABLE_DEBUG_INFO = NO;
				MTL_FAST_MATH = YES;
				SDKROOT = iphoneos;
				SWIFT_COMPILATION_MODE = wholemodule;
				SWIFT_OPTIMIZATION_LEVEL = "-O";
				VALIDATE_PRODUCT = YES;
			};
			name = Release;
		};
		BF9685A22981231400C564AD /* Debug */ = {
			isa = XCBuildConfiguration;
			buildSettings = {
				ASSETCATALOG_COMPILER_APPICON_NAME = AppIcon;
				ASSETCATALOG_COMPILER_GLOBAL_ACCENT_COLOR_NAME = AccentColor;
				CODE_SIGN_STYLE = Automatic;
				CURRENT_PROJECT_VERSION = 1;
				DEVELOPMENT_TEAM = WE65J257FL;
				GENERATE_INFOPLIST_FILE = YES;
				INFOPLIST_FILE = "MVVM-C-Take3/Info.plist";
				INFOPLIST_KEY_UIApplicationSupportsIndirectInputEvents = YES;
				INFOPLIST_KEY_UILaunchStoryboardName = LaunchScreen;
				INFOPLIST_KEY_UIMainStoryboardFile = Main;
				INFOPLIST_KEY_UISupportedInterfaceOrientations_iPad = "UIInterfaceOrientationPortrait UIInterfaceOrientationPortraitUpsideDown UIInterfaceOrientationLandscapeLeft UIInterfaceOrientationLandscapeRight";
				INFOPLIST_KEY_UISupportedInterfaceOrientations_iPhone = "UIInterfaceOrientationPortrait UIInterfaceOrientationLandscapeLeft UIInterfaceOrientationLandscapeRight";
				LD_RUNPATH_SEARCH_PATHS = (
					"$(inherited)",
					"@executable_path/Frameworks",
				);
				MARKETING_VERSION = 1.0;
				PRODUCT_BUNDLE_IDENTIFIER = "au.com.apptech.MVVM-C-Take3";
				PRODUCT_NAME = "$(TARGET_NAME)";
				SWIFT_EMIT_LOC_STRINGS = YES;
				SWIFT_VERSION = 5.0;
				TARGETED_DEVICE_FAMILY = "1,2";
			};
			name = Debug;
		};
		BF9685A32981231400C564AD /* Release */ = {
			isa = XCBuildConfiguration;
			buildSettings = {
				ASSETCATALOG_COMPILER_APPICON_NAME = AppIcon;
				ASSETCATALOG_COMPILER_GLOBAL_ACCENT_COLOR_NAME = AccentColor;
				CODE_SIGN_STYLE = Automatic;
				CURRENT_PROJECT_VERSION = 1;
				DEVELOPMENT_TEAM = WE65J257FL;
				GENERATE_INFOPLIST_FILE = YES;
				INFOPLIST_FILE = "MVVM-C-Take3/Info.plist";
				INFOPLIST_KEY_UIApplicationSupportsIndirectInputEvents = YES;
				INFOPLIST_KEY_UILaunchStoryboardName = LaunchScreen;
				INFOPLIST_KEY_UIMainStoryboardFile = Main;
				INFOPLIST_KEY_UISupportedInterfaceOrientations_iPad = "UIInterfaceOrientationPortrait UIInterfaceOrientationPortraitUpsideDown UIInterfaceOrientationLandscapeLeft UIInterfaceOrientationLandscapeRight";
				INFOPLIST_KEY_UISupportedInterfaceOrientations_iPhone = "UIInterfaceOrientationPortrait UIInterfaceOrientationLandscapeLeft UIInterfaceOrientationLandscapeRight";
				LD_RUNPATH_SEARCH_PATHS = (
					"$(inherited)",
					"@executable_path/Frameworks",
				);
				MARKETING_VERSION = 1.0;
				PRODUCT_BUNDLE_IDENTIFIER = "au.com.apptech.MVVM-C-Take3";
				PRODUCT_NAME = "$(TARGET_NAME)";
				SWIFT_EMIT_LOC_STRINGS = YES;
				SWIFT_VERSION = 5.0;
				TARGETED_DEVICE_FAMILY = "1,2";
			};
			name = Release;
		};
		BF9685A52981231400C564AD /* Debug */ = {
			isa = XCBuildConfiguration;
			buildSettings = {
				ALWAYS_EMBED_SWIFT_STANDARD_LIBRARIES = YES;
				BUNDLE_LOADER = "$(TEST_HOST)";
				CODE_SIGN_STYLE = Automatic;
				CURRENT_PROJECT_VERSION = 1;
				DEVELOPMENT_TEAM = WE65J257FL;
				GENERATE_INFOPLIST_FILE = YES;
				IPHONEOS_DEPLOYMENT_TARGET = 16.2;
				MARKETING_VERSION = 1.0;
				PRODUCT_BUNDLE_IDENTIFIER = "au.com.apptech.MVVM-C-Take3Tests";
				PRODUCT_NAME = "$(TARGET_NAME)";
				SWIFT_EMIT_LOC_STRINGS = NO;
				SWIFT_VERSION = 5.0;
				TARGETED_DEVICE_FAMILY = "1,2";
				TEST_HOST = "$(BUILT_PRODUCTS_DIR)/MVVM-C-Take3.app/$(BUNDLE_EXECUTABLE_FOLDER_PATH)/MVVM-C-Take3";
			};
			name = Debug;
		};
		BF9685A62981231400C564AD /* Release */ = {
			isa = XCBuildConfiguration;
			buildSettings = {
				ALWAYS_EMBED_SWIFT_STANDARD_LIBRARIES = YES;
				BUNDLE_LOADER = "$(TEST_HOST)";
				CODE_SIGN_STYLE = Automatic;
				CURRENT_PROJECT_VERSION = 1;
				DEVELOPMENT_TEAM = WE65J257FL;
				GENERATE_INFOPLIST_FILE = YES;
				IPHONEOS_DEPLOYMENT_TARGET = 16.2;
				MARKETING_VERSION = 1.0;
				PRODUCT_BUNDLE_IDENTIFIER = "au.com.apptech.MVVM-C-Take3Tests";
				PRODUCT_NAME = "$(TARGET_NAME)";
				SWIFT_EMIT_LOC_STRINGS = NO;
				SWIFT_VERSION = 5.0;
				TARGETED_DEVICE_FAMILY = "1,2";
				TEST_HOST = "$(BUILT_PRODUCTS_DIR)/MVVM-C-Take3.app/$(BUNDLE_EXECUTABLE_FOLDER_PATH)/MVVM-C-Take3";
			};
			name = Release;
		};
		BF9685A82981231400C564AD /* Debug */ = {
			isa = XCBuildConfiguration;
			buildSettings = {
				ALWAYS_EMBED_SWIFT_STANDARD_LIBRARIES = YES;
				CODE_SIGN_STYLE = Automatic;
				CURRENT_PROJECT_VERSION = 1;
				DEVELOPMENT_TEAM = WE65J257FL;
				GENERATE_INFOPLIST_FILE = YES;
				MARKETING_VERSION = 1.0;
				PRODUCT_BUNDLE_IDENTIFIER = "au.com.apptech.MVVM-C-Take3UITests";
				PRODUCT_NAME = "$(TARGET_NAME)";
				SWIFT_EMIT_LOC_STRINGS = NO;
				SWIFT_VERSION = 5.0;
				TARGETED_DEVICE_FAMILY = "1,2";
				TEST_TARGET_NAME = "MVVM-C-Take3";
			};
			name = Debug;
		};
		BF9685A92981231400C564AD /* Release */ = {
			isa = XCBuildConfiguration;
			buildSettings = {
				ALWAYS_EMBED_SWIFT_STANDARD_LIBRARIES = YES;
				CODE_SIGN_STYLE = Automatic;
				CURRENT_PROJECT_VERSION = 1;
				DEVELOPMENT_TEAM = WE65J257FL;
				GENERATE_INFOPLIST_FILE = YES;
				MARKETING_VERSION = 1.0;
				PRODUCT_BUNDLE_IDENTIFIER = "au.com.apptech.MVVM-C-Take3UITests";
				PRODUCT_NAME = "$(TARGET_NAME)";
				SWIFT_EMIT_LOC_STRINGS = NO;
				SWIFT_VERSION = 5.0;
				TARGETED_DEVICE_FAMILY = "1,2";
				TEST_TARGET_NAME = "MVVM-C-Take3";
			};
			name = Release;
		};
/* End XCBuildConfiguration section */

/* Begin XCConfigurationList section */
		BF9685722981231100C564AD /* Build configuration list for PBXProject "MVVM-C-Take3" */ = {
			isa = XCConfigurationList;
			buildConfigurations = (
				BF96859F2981231400C564AD /* Debug */,
				BF9685A02981231400C564AD /* Release */,
			);
			defaultConfigurationIsVisible = 0;
			defaultConfigurationName = Release;
		};
		BF9685A12981231400C564AD /* Build configuration list for PBXNativeTarget "MVVM-C-Take3" */ = {
			isa = XCConfigurationList;
			buildConfigurations = (
				BF9685A22981231400C564AD /* Debug */,
				BF9685A32981231400C564AD /* Release */,
			);
			defaultConfigurationIsVisible = 0;
			defaultConfigurationName = Release;
		};
		BF9685A42981231400C564AD /* Build configuration list for PBXNativeTarget "MVVM-C-Take3Tests" */ = {
			isa = XCConfigurationList;
			buildConfigurations = (
				BF9685A52981231400C564AD /* Debug */,
				BF9685A62981231400C564AD /* Release */,
			);
			defaultConfigurationIsVisible = 0;
			defaultConfigurationName = Release;
		};
		BF9685A72981231400C564AD /* Build configuration list for PBXNativeTarget "MVVM-C-Take3UITests" */ = {
			isa = XCConfigurationList;
			buildConfigurations = (
				BF9685A82981231400C564AD /* Debug */,
				BF9685A92981231400C564AD /* Release */,
			);
			defaultConfigurationIsVisible = 0;
			defaultConfigurationName = Release;
		};
/* End XCConfigurationList section */
	};
	rootObject = BF96856F2981231100C564AD /* Project object */;
}
